
Microsoft Visual Studio Solution File, Format Version 12.00
# Visual Studio Version 16
VisualStudioVersion = 16.0.30804.86
MinimumVisualStudioVersion = 10.0.40219.1
Project("{FAE04EC0-301F-11D3-BF4B-00C04F79EFBC}") = "WindowsFormsApp1", "WindowsFormsApp1\WindowsFormsApp1.csproj", "{B3E7B2D4-93E4-4290-BD88-314FAE25772B}"
EndProject
Global
	GlobalSection(SolutionConfigurationPlatforms) = preSolution
		Debug|Any CPU = Debug|Any CPU
		Release|Any CPU = Release|Any CPU
	EndGlobalSection
	GlobalSection(ProjectConfigurationPlatforms) = postSolution
		{B3E7B2D4-93E4-4290-BD88-314FAE25772B}.Debug|Any CPU.ActiveCfg = Debug|Any CPU
		{B3E7B2D4-93E4-4290-BD88-314FAE25772B}.Debug|Any CPU.Build.0 = Debug|Any CPU
		{B3E7B2D4-93E4-4290-BD88-314FAE25772B}.Release|Any CPU.ActiveCfg = Release|Any CPU
		{B3E7B2D4-93E4-4290-BD88-314FAE25772B}.Release|Any CPU.Build.0 = Release|Any CPU
	EndGlobalSection
	GlobalSection(SolutionProperties) = preSolution
		HideSolutionNode = FALSE
	EndGlobalSection
	GlobalSection(ExtensibilityGlobals) = postSolution
		SolutionGuid = {B3868F75-EB64-45F3-898E-BA7CB7D47E89}
	EndGlobalSection
EndGlobal
